// !$*UTF8*$!
{
	archiveVersion = 1;
	classes = {
	};
	objectVersion = 55;
	objects = {

/* Begin PBXBuildFile section */
		3A0AB4AA28BD3AC900014F9E /* weather.json in Resources */ = {isa = PBXBuildFile; fileRef = 3A0AB4A928BD3AC900014F9E /* weather.json */; };
		3A0AB4AC28BD577600014F9E /* Weather+Sample.swift in Sources */ = {isa = PBXBuildFile; fileRef = 3A0AB4AB28BD577600014F9E /* Weather+Sample.swift */; };
		3A0AB4AE28BD8D8E00014F9E /* AlertView.swift in Sources */ = {isa = PBXBuildFile; fileRef = 3A0AB4AD28BD8D8E00014F9E /* AlertView.swift */; };
		3A1F684328B6B2B50069F8AD /* WeatherViewModel.swift in Sources */ = {isa = PBXBuildFile; fileRef = 3A1F684228B6B2B50069F8AD /* WeatherViewModel.swift */; };
		3A66B36928BA7F6200FA76DA /* CurrentView.swift in Sources */ = {isa = PBXBuildFile; fileRef = 3A66B36828BA7F6200FA76DA /* CurrentView.swift */; };
		3A66B36B28BA7F7200FA76DA /* HourlyView.swift in Sources */ = {isa = PBXBuildFile; fileRef = 3A66B36A28BA7F7200FA76DA /* HourlyView.swift */; };
		3A66B36D28BA7F7D00FA76DA /* DailyView.swift in Sources */ = {isa = PBXBuildFile; fileRef = 3A66B36C28BA7F7D00FA76DA /* DailyView.swift */; };
		3A66B36F28BA98CF00FA76DA /* AttributionView.swift in Sources */ = {isa = PBXBuildFile; fileRef = 3A66B36E28BA98CF00FA76DA /* AttributionView.swift */; };
		3A66B37128BAA4BC00FA76DA /* SafariView.swift in Sources */ = {isa = PBXBuildFile; fileRef = 3A66B37028BAA4BC00FA76DA /* SafariView.swift */; };
		3A7EA6B028BC1AE40029F97D /* Localizable.strings in Resources */ = {isa = PBXBuildFile; fileRef = 3A7EA6AF28BC1AE40029F97D /* Localizable.strings */; };
		3A7F87AC28B80A1800972043 /* sofiapro-light.otf in Resources */ = {isa = PBXBuildFile; fileRef = 3A7F87AB28B80A1800972043 /* sofiapro-light.otf */; };
		3A857ADC28B140E300F343FE /* App.swift in Sources */ = {isa = PBXBuildFile; fileRef = 3A857ADB28B140E300F343FE /* App.swift */; };
		3A857ADE28B140E300F343FE /* ContentView.swift in Sources */ = {isa = PBXBuildFile; fileRef = 3A857ADD28B140E300F343FE /* ContentView.swift */; };
		3A857AE028B140E500F343FE /* Assets.xcassets in Resources */ = {isa = PBXBuildFile; fileRef = 3A857ADF28B140E500F343FE /* Assets.xcassets */; };
		3A857AE328B140E500F343FE /* Preview Assets.xcassets in Resources */ = {isa = PBXBuildFile; fileRef = 3A857AE228B140E500F343FE /* Preview Assets.xcassets */; };
		3A857AF128B2B1FF00F343FE /* WelcomeView.swift in Sources */ = {isa = PBXBuildFile; fileRef = 3A857AF028B2B1FF00F343FE /* WelcomeView.swift */; };
		3A857AF328B2B26D00F343FE /* WeatherView.swift in Sources */ = {isa = PBXBuildFile; fileRef = 3A857AF228B2B26D00F343FE /* WeatherView.swift */; };
		3A857AF928B2B5E500F343FE /* LocationManager.swift in Sources */ = {isa = PBXBuildFile; fileRef = 3A857AF828B2B5E500F343FE /* LocationManager.swift */; };
		3A857B0428B2C87D00F343FE /* LoadingView.swift in Sources */ = {isa = PBXBuildFile; fileRef = 3A857B0328B2C87D00F343FE /* LoadingView.swift */; };
		3AC8C62728B433F200E38843 /* Double+Round.swift in Sources */ = {isa = PBXBuildFile; fileRef = 3AC8C62628B433F200E38843 /* Double+Round.swift */; };
		3AC8C62928B43CD900E38843 /* Date+Formatted.swift in Sources */ = {isa = PBXBuildFile; fileRef = 3AC8C62828B43CD900E38843 /* Date+Formatted.swift */; };
		3AE48BBA28BEAC8300E0DD7D /* MinuteView.swift in Sources */ = {isa = PBXBuildFile; fileRef = 3AE48BB928BEAC8300E0DD7D /* MinuteView.swift */; };
		3AE48BBF28BED9F200E0DD7D /* String+Localize.swift in Sources */ = {isa = PBXBuildFile; fileRef = 3AE48BBE28BED9F200E0DD7D /* String+Localize.swift */; };
/* End PBXBuildFile section */

/* Begin PBXFileReference section */
		3A0AB4A928BD3AC900014F9E /* weather.json */ = {isa = PBXFileReference; lastKnownFileType = text.json; path = weather.json; sourceTree = "<group>"; };
		3A0AB4AB28BD577600014F9E /* Weather+Sample.swift */ = {isa = PBXFileReference; lastKnownFileType = sourcecode.swift; path = "Weather+Sample.swift"; sourceTree = "<group>"; };
		3A0AB4AD28BD8D8E00014F9E /* AlertView.swift */ = {isa = PBXFileReference; lastKnownFileType = sourcecode.swift; path = AlertView.swift; sourceTree = "<group>"; };
		3A1F684228B6B2B50069F8AD /* WeatherViewModel.swift */ = {isa = PBXFileReference; lastKnownFileType = sourcecode.swift; path = WeatherViewModel.swift; sourceTree = "<group>"; };
		3A53881228B96A5D00D9A5B5 /* Ayer Tena.entitlements */ = {isa = PBXFileReference; lastKnownFileType = text.plist.entitlements; path = "Ayer Tena.entitlements"; sourceTree = "<group>"; };
		3A66B36828BA7F6200FA76DA /* CurrentView.swift */ = {isa = PBXFileReference; lastKnownFileType = sourcecode.swift; path = CurrentView.swift; sourceTree = "<group>"; };
		3A66B36A28BA7F7200FA76DA /* HourlyView.swift */ = {isa = PBXFileReference; lastKnownFileType = sourcecode.swift; path = HourlyView.swift; sourceTree = "<group>"; };
		3A66B36C28BA7F7D00FA76DA /* DailyView.swift */ = {isa = PBXFileReference; lastKnownFileType = sourcecode.swift; path = DailyView.swift; sourceTree = "<group>"; };
		3A66B36E28BA98CF00FA76DA /* AttributionView.swift */ = {isa = PBXFileReference; lastKnownFileType = sourcecode.swift; path = AttributionView.swift; sourceTree = "<group>"; };
		3A66B37028BAA4BC00FA76DA /* SafariView.swift */ = {isa = PBXFileReference; lastKnownFileType = sourcecode.swift; path = SafariView.swift; sourceTree = "<group>"; };
		3A7EA6AF28BC1AE40029F97D /* Localizable.strings */ = {isa = PBXFileReference; lastKnownFileType = text.plist.strings; path = Localizable.strings; sourceTree = "<group>"; };
		3A7F87AB28B80A1800972043 /* sofiapro-light.otf */ = {isa = PBXFileReference; lastKnownFileType = file; path = "sofiapro-light.otf"; sourceTree = "<group>"; };
		3A857AD828B140E300F343FE /* Ayer Tena.app */ = {isa = PBXFileReference; explicitFileType = wrapper.application; includeInIndex = 0; path = "Ayer Tena.app"; sourceTree = BUILT_PRODUCTS_DIR; };
		3A857ADB28B140E300F343FE /* App.swift */ = {isa = PBXFileReference; lastKnownFileType = sourcecode.swift; path = App.swift; sourceTree = "<group>"; };
		3A857ADD28B140E300F343FE /* ContentView.swift */ = {isa = PBXFileReference; lastKnownFileType = sourcecode.swift; path = ContentView.swift; sourceTree = "<group>"; };
		3A857ADF28B140E500F343FE /* Assets.xcassets */ = {isa = PBXFileReference; lastKnownFileType = folder.assetcatalog; path = Assets.xcassets; sourceTree = "<group>"; };
		3A857AE228B140E500F343FE /* Preview Assets.xcassets */ = {isa = PBXFileReference; lastKnownFileType = folder.assetcatalog; path = "Preview Assets.xcassets"; sourceTree = "<group>"; };
		3A857AF028B2B1FF00F343FE /* WelcomeView.swift */ = {isa = PBXFileReference; lastKnownFileType = sourcecode.swift; path = WelcomeView.swift; sourceTree = "<group>"; };
		3A857AF228B2B26D00F343FE /* WeatherView.swift */ = {isa = PBXFileReference; lastKnownFileType = sourcecode.swift; path = WeatherView.swift; sourceTree = "<group>"; };
		3A857AF828B2B5E500F343FE /* LocationManager.swift */ = {isa = PBXFileReference; lastKnownFileType = sourcecode.swift; path = LocationManager.swift; sourceTree = "<group>"; };
		3A857B0328B2C87D00F343FE /* LoadingView.swift */ = {isa = PBXFileReference; lastKnownFileType = sourcecode.swift; path = LoadingView.swift; sourceTree = "<group>"; };
		3AC8C62628B433F200E38843 /* Double+Round.swift */ = {isa = PBXFileReference; lastKnownFileType = sourcecode.swift; path = "Double+Round.swift"; sourceTree = "<group>"; };
		3AC8C62828B43CD900E38843 /* Date+Formatted.swift */ = {isa = PBXFileReference; lastKnownFileType = sourcecode.swift; path = "Date+Formatted.swift"; sourceTree = "<group>"; };
		3AE48BB928BEAC8300E0DD7D /* MinuteView.swift */ = {isa = PBXFileReference; lastKnownFileType = sourcecode.swift; path = MinuteView.swift; sourceTree = "<group>"; };
		3AE48BBB28BED08B00E0DD7D /* Ayer-Tena-Info.plist */ = {isa = PBXFileReference; lastKnownFileType = text.plist; path = "Ayer-Tena-Info.plist"; sourceTree = SOURCE_ROOT; };
		3AE48BBE28BED9F200E0DD7D /* String+Localize.swift */ = {isa = PBXFileReference; lastKnownFileType = sourcecode.swift; path = "String+Localize.swift"; sourceTree = "<group>"; };
/* End PBXFileReference section */

/* Begin PBXFrameworksBuildPhase section */
		3A857AD528B140E300F343FE /* Frameworks */ = {
			isa = PBXFrameworksBuildPhase;
			buildActionMask = 2147483647;
			files = (
			);
			runOnlyForDeploymentPostprocessing = 0;
		};
/* End PBXFrameworksBuildPhase section */

/* Begin PBXGroup section */
		3A857ACF28B140E300F343FE = {
			isa = PBXGroup;
			children = (
				3A857ADA28B140E300F343FE /* Ayer Tena */,
				3A857AD928B140E300F343FE /* Products */,
			);
			sourceTree = "<group>";
		};
		3A857AD928B140E300F343FE /* Products */ = {
			isa = PBXGroup;
			children = (
				3A857AD828B140E300F343FE /* Ayer Tena.app */,
			);
			name = Products;
			sourceTree = "<group>";
		};
		3A857ADA28B140E300F343FE /* Ayer Tena */ = {
			isa = PBXGroup;
			children = (
				3A857ADB28B140E300F343FE /* App.swift */,
				3A857AF728B2B33F00F343FE /* View */,
				3A857AFE28B2B64000F343FE /* ViewModel */,
				3A857AFD28B2B62900F343FE /* Location */,
				3AC8C62528B4312B00E38843 /* Extensions */,
				3AE48BBD28BED0AB00E0DD7D /* Localization */,
				3ACA2DE328B7D7B90043825F /* Fonts */,
				3AE48BBB28BED08B00E0DD7D /* Ayer-Tena-Info.plist */,
				3A53881228B96A5D00D9A5B5 /* Ayer Tena.entitlements */,
				3A857ADF28B140E500F343FE /* Assets.xcassets */,
				3A857AE128B140E500F343FE /* Preview Content */,
			);
			path = "Ayer Tena";
			sourceTree = "<group>";
		};
		3A857AE128B140E500F343FE /* Preview Content */ = {
			isa = PBXGroup;
			children = (
				3A857AE228B140E500F343FE /* Preview Assets.xcassets */,
				3A0AB4A928BD3AC900014F9E /* weather.json */,
			);
			path = "Preview Content";
			sourceTree = "<group>";
		};
		3A857AF728B2B33F00F343FE /* View */ = {
			isa = PBXGroup;
			children = (
				3A857ADD28B140E300F343FE /* ContentView.swift */,
				3A857AF028B2B1FF00F343FE /* WelcomeView.swift */,
				3A857AF228B2B26D00F343FE /* WeatherView.swift */,
				3A66B36828BA7F6200FA76DA /* CurrentView.swift */,
				3AE48BB928BEAC8300E0DD7D /* MinuteView.swift */,
				3A66B36A28BA7F7200FA76DA /* HourlyView.swift */,
				3A66B36C28BA7F7D00FA76DA /* DailyView.swift */,
				3A0AB4AD28BD8D8E00014F9E /* AlertView.swift */,
				3A66B36E28BA98CF00FA76DA /* AttributionView.swift */,
				3A857B0328B2C87D00F343FE /* LoadingView.swift */,
				3A66B37028BAA4BC00FA76DA /* SafariView.swift */,
			);
			path = View;
			sourceTree = "<group>";
		};
		3A857AFD28B2B62900F343FE /* Location */ = {
			isa = PBXGroup;
			children = (
				3A857AF828B2B5E500F343FE /* LocationManager.swift */,
			);
			path = Location;
			sourceTree = "<group>";
		};
		3A857AFE28B2B64000F343FE /* ViewModel */ = {
			isa = PBXGroup;
			children = (
				3A1F684228B6B2B50069F8AD /* WeatherViewModel.swift */,
			);
			path = ViewModel;
			sourceTree = "<group>";
		};
		3AC8C62528B4312B00E38843 /* Extensions */ = {
			isa = PBXGroup;
			children = (
				3AC8C62628B433F200E38843 /* Double+Round.swift */,
				3AC8C62828B43CD900E38843 /* Date+Formatted.swift */,
				3A0AB4AB28BD577600014F9E /* Weather+Sample.swift */,
				3AE48BBE28BED9F200E0DD7D /* String+Localize.swift */,
			);
			path = Extensions;
			sourceTree = "<group>";
		};
		3ACA2DE328B7D7B90043825F /* Fonts */ = {
			isa = PBXGroup;
			children = (
				3A7F87AB28B80A1800972043 /* sofiapro-light.otf */,
			);
			path = Fonts;
			sourceTree = "<group>";
		};
		3AE48BBD28BED0AB00E0DD7D /* Localization */ = {
			isa = PBXGroup;
			children = (
				3A7EA6AF28BC1AE40029F97D /* Localizable.strings */,
			);
			path = Localization;
			sourceTree = "<group>";
		};
/* End PBXGroup section */

/* Begin PBXNativeTarget section */
		3A857AD728B140E300F343FE /* Ayer Tena */ = {
			isa = PBXNativeTarget;
			buildConfigurationList = 3A857AE628B140E500F343FE /* Build configuration list for PBXNativeTarget "Ayer Tena" */;
			buildPhases = (
				3A857AD428B140E300F343FE /* Sources */,
				3A857AD528B140E300F343FE /* Frameworks */,
				3A857AD628B140E300F343FE /* Resources */,
			);
			buildRules = (
			);
			dependencies = (
			);
			name = "Ayer Tena";
			productName = "Ayer Tena";
			productReference = 3A857AD828B140E300F343FE /* Ayer Tena.app */;
			productType = "com.apple.product-type.application";
		};
/* End PBXNativeTarget section */

/* Begin PBXProject section */
		3A857AD028B140E300F343FE /* Project object */ = {
			isa = PBXProject;
			attributes = {
				BuildIndependentTargetsInParallel = 1;
				LastSwiftUpdateCheck = 1320;
				LastUpgradeCheck = 1320;
				TargetAttributes = {
					3A857AD728B140E300F343FE = {
						CreatedOnToolsVersion = 13.2.1;
					};
				};
			};
			buildConfigurationList = 3A857AD328B140E300F343FE /* Build configuration list for PBXProject "Ayer Tena" */;
			compatibilityVersion = "Xcode 13.0";
			developmentRegion = en;
			hasScannedForEncodings = 0;
			knownRegions = (
				en,
				Base,
			);
			mainGroup = 3A857ACF28B140E300F343FE;
			productRefGroup = 3A857AD928B140E300F343FE /* Products */;
			projectDirPath = "";
			projectRoot = "";
			targets = (
				3A857AD728B140E300F343FE /* Ayer Tena */,
			);
		};
/* End PBXProject section */

/* Begin PBXResourcesBuildPhase section */
		3A857AD628B140E300F343FE /* Resources */ = {
			isa = PBXResourcesBuildPhase;
			buildActionMask = 2147483647;
			files = (
				3A0AB4AA28BD3AC900014F9E /* weather.json in Resources */,
				3A857AE328B140E500F343FE /* Preview Assets.xcassets in Resources */,
				3A7EA6B028BC1AE40029F97D /* Localizable.strings in Resources */,
				3A857AE028B140E500F343FE /* Assets.xcassets in Resources */,
				3A7F87AC28B80A1800972043 /* sofiapro-light.otf in Resources */,
			);
			runOnlyForDeploymentPostprocessing = 0;
		};
/* End PBXResourcesBuildPhase section */

/* Begin PBXSourcesBuildPhase section */
		3A857AD428B140E300F343FE /* Sources */ = {
			isa = PBXSourcesBuildPhase;
			buildActionMask = 2147483647;
			files = (
				3A66B36D28BA7F7D00FA76DA /* DailyView.swift in Sources */,
				3A0AB4AE28BD8D8E00014F9E /* AlertView.swift in Sources */,
				3A857ADE28B140E300F343FE /* ContentView.swift in Sources */,
				3A857AF128B2B1FF00F343FE /* WelcomeView.swift in Sources */,
				3AE48BBF28BED9F200E0DD7D /* String+Localize.swift in Sources */,
				3A66B36F28BA98CF00FA76DA /* AttributionView.swift in Sources */,
				3A857AF928B2B5E500F343FE /* LocationManager.swift in Sources */,
				3A857ADC28B140E300F343FE /* App.swift in Sources */,
				3AC8C62928B43CD900E38843 /* Date+Formatted.swift in Sources */,
				3A66B36B28BA7F7200FA76DA /* HourlyView.swift in Sources */,
				3A66B37128BAA4BC00FA76DA /* SafariView.swift in Sources */,
				3A857AF328B2B26D00F343FE /* WeatherView.swift in Sources */,
				3A1F684328B6B2B50069F8AD /* WeatherViewModel.swift in Sources */,
				3AC8C62728B433F200E38843 /* Double+Round.swift in Sources */,
				3A66B36928BA7F6200FA76DA /* CurrentView.swift in Sources */,
				3A857B0428B2C87D00F343FE /* LoadingView.swift in Sources */,
				3AE48BBA28BEAC8300E0DD7D /* MinuteView.swift in Sources */,
				3A0AB4AC28BD577600014F9E /* Weather+Sample.swift in Sources */,
			);
			runOnlyForDeploymentPostprocessing = 0;
		};
/* End PBXSourcesBuildPhase section */

/* Begin XCBuildConfiguration section */
		3A857AE428B140E500F343FE /* Debug */ = {
			isa = XCBuildConfiguration;
			buildSettings = {
				ALWAYS_SEARCH_USER_PATHS = NO;
				CLANG_ANALYZER_NONNULL = YES;
				CLANG_ANALYZER_NUMBER_OBJECT_CONVERSION = YES_AGGRESSIVE;
				CLANG_CXX_LANGUAGE_STANDARD = "gnu++17";
				CLANG_CXX_LIBRARY = "libc++";
				CLANG_ENABLE_MODULES = YES;
				CLANG_ENABLE_OBJC_ARC = YES;
				CLANG_ENABLE_OBJC_WEAK = YES;
				CLANG_WARN_BLOCK_CAPTURE_AUTORELEASING = YES;
				CLANG_WARN_BOOL_CONVERSION = YES;
				CLANG_WARN_COMMA = YES;
				CLANG_WARN_CONSTANT_CONVERSION = YES;
				CLANG_WARN_DEPRECATED_OBJC_IMPLEMENTATIONS = YES;
				CLANG_WARN_DIRECT_OBJC_ISA_USAGE = YES_ERROR;
				CLANG_WARN_DOCUMENTATION_COMMENTS = YES;
				CLANG_WARN_EMPTY_BODY = YES;
				CLANG_WARN_ENUM_CONVERSION = YES;
				CLANG_WARN_INFINITE_RECURSION = YES;
				CLANG_WARN_INT_CONVERSION = YES;
				CLANG_WARN_NON_LITERAL_NULL_CONVERSION = YES;
				CLANG_WARN_OBJC_IMPLICIT_RETAIN_SELF = YES;
				CLANG_WARN_OBJC_LITERAL_CONVERSION = YES;
				CLANG_WARN_OBJC_ROOT_CLASS = YES_ERROR;
				CLANG_WARN_QUOTED_INCLUDE_IN_FRAMEWORK_HEADER = YES;
				CLANG_WARN_RANGE_LOOP_ANALYSIS = YES;
				CLANG_WARN_STRICT_PROTOTYPES = YES;
				CLANG_WARN_SUSPICIOUS_MOVE = YES;
				CLANG_WARN_UNGUARDED_AVAILABILITY = YES_AGGRESSIVE;
				CLANG_WARN_UNREACHABLE_CODE = YES;
				CLANG_WARN__DUPLICATE_METHOD_MATCH = YES;
				COPY_PHASE_STRIP = NO;
				DEBUG_INFORMATION_FORMAT = dwarf;
				ENABLE_STRICT_OBJC_MSGSEND = YES;
				ENABLE_TESTABILITY = YES;
				GCC_C_LANGUAGE_STANDARD = gnu11;
				GCC_DYNAMIC_NO_PIC = NO;
				GCC_NO_COMMON_BLOCKS = YES;
				GCC_OPTIMIZATION_LEVEL = 0;
				GCC_PREPROCESSOR_DEFINITIONS = (
					"DEBUG=1",
					"$(inherited)",
				);
				GCC_WARN_64_TO_32_BIT_CONVERSION = YES;
				GCC_WARN_ABOUT_RETURN_TYPE = YES_ERROR;
				GCC_WARN_UNDECLARED_SELECTOR = YES;
				GCC_WARN_UNINITIALIZED_AUTOS = YES_AGGRESSIVE;
				GCC_WARN_UNUSED_FUNCTION = YES;
				GCC_WARN_UNUSED_VARIABLE = YES;
				IPHONEOS_DEPLOYMENT_TARGET = 15.2;
				MTL_ENABLE_DEBUG_INFO = INCLUDE_SOURCE;
				MTL_FAST_MATH = YES;
				ONLY_ACTIVE_ARCH = YES;
				SDKROOT = iphoneos;
				SWIFT_ACTIVE_COMPILATION_CONDITIONS = DEBUG;
				SWIFT_OPTIMIZATION_LEVEL = "-Onone";
			};
			name = Debug;
		};
		3A857AE528B140E500F343FE /* Release */ = {
			isa = XCBuildConfiguration;
			buildSettings = {
				ALWAYS_SEARCH_USER_PATHS = NO;
				CLANG_ANALYZER_NONNULL = YES;
				CLANG_ANALYZER_NUMBER_OBJECT_CONVERSION = YES_AGGRESSIVE;
				CLANG_CXX_LANGUAGE_STANDARD = "gnu++17";
				CLANG_CXX_LIBRARY = "libc++";
				CLANG_ENABLE_MODULES = YES;
				CLANG_ENABLE_OBJC_ARC = YES;
				CLANG_ENABLE_OBJC_WEAK = YES;
				CLANG_WARN_BLOCK_CAPTURE_AUTORELEASING = YES;
				CLANG_WARN_BOOL_CONVERSION = YES;
				CLANG_WARN_COMMA = YES;
				CLANG_WARN_CONSTANT_CONVERSION = YES;
				CLANG_WARN_DEPRECATED_OBJC_IMPLEMENTATIONS = YES;
				CLANG_WARN_DIRECT_OBJC_ISA_USAGE = YES_ERROR;
				CLANG_WARN_DOCUMENTATION_COMMENTS = YES;
				CLANG_WARN_EMPTY_BODY = YES;
				CLANG_WARN_ENUM_CONVERSION = YES;
				CLANG_WARN_INFINITE_RECURSION = YES;
				CLANG_WARN_INT_CONVERSION = YES;
				CLANG_WARN_NON_LITERAL_NULL_CONVERSION = YES;
				CLANG_WARN_OBJC_IMPLICIT_RETAIN_SELF = YES;
				CLANG_WARN_OBJC_LITERAL_CONVERSION = YES;
				CLANG_WARN_OBJC_ROOT_CLASS = YES_ERROR;
				CLANG_WARN_QUOTED_INCLUDE_IN_FRAMEWORK_HEADER = YES;
				CLANG_WARN_RANGE_LOOP_ANALYSIS = YES;
				CLANG_WARN_STRICT_PROTOTYPES = YES;
				CLANG_WARN_SUSPICIOUS_MOVE = YES;
				CLANG_WARN_UNGUARDED_AVAILABILITY = YES_AGGRESSIVE;
				CLANG_WARN_UNREACHABLE_CODE = YES;
				CLANG_WARN__DUPLICATE_METHOD_MATCH = YES;
				COPY_PHASE_STRIP = NO;
				DEBUG_INFORMATION_FORMAT = "dwarf-with-dsym";
				ENABLE_NS_ASSERTIONS = NO;
				ENABLE_STRICT_OBJC_MSGSEND = YES;
				GCC_C_LANGUAGE_STANDARD = gnu11;
				GCC_NO_COMMON_BLOCKS = YES;
				GCC_WARN_64_TO_32_BIT_CONVERSION = YES;
				GCC_WARN_ABOUT_RETURN_TYPE = YES_ERROR;
				GCC_WARN_UNDECLARED_SELECTOR = YES;
				GCC_WARN_UNINITIALIZED_AUTOS = YES_AGGRESSIVE;
				GCC_WARN_UNUSED_FUNCTION = YES;
				GCC_WARN_UNUSED_VARIABLE = YES;
				IPHONEOS_DEPLOYMENT_TARGET = 15.2;
				MTL_ENABLE_DEBUG_INFO = NO;
				MTL_FAST_MATH = YES;
				SDKROOT = iphoneos;
				SWIFT_COMPILATION_MODE = wholemodule;
				SWIFT_OPTIMIZATION_LEVEL = "-O";
				VALIDATE_PRODUCT = YES;
			};
			name = Release;
		};
		3A857AE728B140E500F343FE /* Debug */ = {
			isa = XCBuildConfiguration;
			buildSettings = {
				ASSETCATALOG_COMPILER_APPICON_NAME = AppIcon;
				ASSETCATALOG_COMPILER_GLOBAL_ACCENT_COLOR_NAME = AccentColor;
				CODE_SIGN_ENTITLEMENTS = "Ayer Tena/Ayer Tena.entitlements";
				CODE_SIGN_IDENTITY = "Apple Development";
				CODE_SIGN_STYLE = Automatic;
				CURRENT_PROJECT_VERSION = 1;
				DEVELOPMENT_ASSET_PATHS = "\"Ayer Tena/Preview Content\"";
				DEVELOPMENT_TEAM = E9EMJG84C3;
				ENABLE_PREVIEWS = YES;
				GENERATE_INFOPLIST_FILE = YES;
				INFOPLIST_FILE = "Ayer-Tena-Info.plist";
				INFOPLIST_KEY_NSLocationWhenInUseUsageDescription = "This app needs your location to show weather in your area.";
				INFOPLIST_KEY_UIApplicationSceneManifest_Generation = YES;
				INFOPLIST_KEY_UIApplicationSupportsIndirectInputEvents = YES;
				INFOPLIST_KEY_UISupportedInterfaceOrientations = UIInterfaceOrientationPortrait;
				INFOPLIST_KEY_UISupportedInterfaceOrientations_iPad = "UIInterfaceOrientationPortrait UIInterfaceOrientationPortraitUpsideDown UIInterfaceOrientationLandscapeLeft UIInterfaceOrientationLandscapeRight";
				INFOPLIST_KEY_UISupportedInterfaceOrientations_iPhone = UIInterfaceOrientationPortrait;
				IPHONEOS_DEPLOYMENT_TARGET = 16.0;
				LD_RUNPATH_SEARCH_PATHS = (
					"$(inherited)",
					"@executable_path/Frameworks",
				);
				MARKETING_VERSION = 1.0;
				PRODUCT_BUNDLE_IDENTIFIER = "com.Fantastk.Ayer-Tena";
				PRODUCT_NAME = "$(TARGET_NAME)";
				PROVISIONING_PROFILE_SPECIFIER = "";
				SWIFT_EMIT_LOC_STRINGS = YES;
				SWIFT_VERSION = 5.0;
				TARGETED_DEVICE_FAMILY = "1,2";
			};
			name = Debug;
		};
		3A857AE828B140E500F343FE /* Release */ = {
			isa = XCBuildConfiguration;
			buildSettings = {
				ASSETCATALOG_COMPILER_APPICON_NAME = AppIcon;
				ASSETCATALOG_COMPILER_GLOBAL_ACCENT_COLOR_NAME = AccentColor;
				CODE_SIGN_ENTITLEMENTS = "Ayer Tena/Ayer Tena.entitlements";
				CODE_SIGN_IDENTITY = "Apple Development";
				CODE_SIGN_STYLE = Automatic;
				CURRENT_PROJECT_VERSION = 1;
				DEVELOPMENT_ASSET_PATHS = "\"Ayer Tena/Preview Content\"";
				DEVELOPMENT_TEAM = E9EMJG84C3;
				ENABLE_PREVIEWS = YES;
				GENERATE_INFOPLIST_FILE = YES;
				INFOPLIST_FILE = "Ayer-Tena-Info.plist";
				INFOPLIST_KEY_NSLocationWhenInUseUsageDescription = "This app needs your location to show weather in your area.";
				INFOPLIST_KEY_UIApplicationSceneManifest_Generation = YES;
				INFOPLIST_KEY_UIApplicationSupportsIndirectInputEvents = YES;
				INFOPLIST_KEY_UISupportedInterfaceOrientations = UIInterfaceOrientationPortrait;
				INFOPLIST_KEY_UISupportedInterfaceOrientations_iPad = "UIInterfaceOrientationPortrait UIInterfaceOrientationPortraitUpsideDown UIInterfaceOrientationLandscapeLeft UIInterfaceOrientationLandscapeRight";
				INFOPLIST_KEY_UISupportedInterfaceOrientations_iPhone = UIInterfaceOrientationPortrait;
				IPHONEOS_DEPLOYMENT_TARGET = 16.0;
				LD_RUNPATH_SEARCH_PATHS = (
					"$(inherited)",
					"@executable_path/Frameworks",
				);
				MARKETING_VERSION = 1.0;
				PRODUCT_BUNDLE_IDENTIFIER = "com.Fantastk.Ayer-Tena";
				PRODUCT_NAME = "$(TARGET_NAME)";
				PROVISIONING_PROFILE_SPECIFIER = "";
				SWIFT_EMIT_LOC_STRINGS = YES;
				SWIFT_VERSION = 5.0;
				TARGETED_DEVICE_FAMILY = "1,2";
			};
			name = Release;
		};
/* End XCBuildConfiguration section */

/* Begin XCConfigurationList section */
		3A857AD328B140E300F343FE /* Build configuration list for PBXProject "Ayer Tena" */ = {
			isa = XCConfigurationList;
			buildConfigurations = (
				3A857AE428B140E500F343FE /* Debug */,
				3A857AE528B140E500F343FE /* Release */,
			);
			defaultConfigurationIsVisible = 0;
			defaultConfigurationName = Release;
		};
		3A857AE628B140E500F343FE /* Build configuration list for PBXNativeTarget "Ayer Tena" */ = {
			isa = XCConfigurationList;
			buildConfigurations = (
				3A857AE728B140E500F343FE /* Debug */,
				3A857AE828B140E500F343FE /* Release */,
			);
			defaultConfigurationIsVisible = 0;
			defaultConfigurationName = Release;
		};
/* End XCConfigurationList section */
	};
	rootObject = 3A857AD028B140E300F343FE /* Project object */;
}
