// !$*UTF8*$!
{
	archiveVersion = 1;
	classes = {
	};
	objectVersion = 55;
	objects = {

/* Begin PBXBuildFile section */
		3A857ADC28B140E300F343FE /* Ayer_TenaApp.swift in Sources */ = {isa = PBXBuildFile; fileRef = 3A857ADB28B140E300F343FE /* Ayer_TenaApp.swift */; };
		3A857ADE28B140E300F343FE /* ContentView.swift in Sources */ = {isa = PBXBuildFile; fileRef = 3A857ADD28B140E300F343FE /* ContentView.swift */; };
		3A857AE028B140E500F343FE /* Assets.xcassets in Resources */ = {isa = PBXBuildFile; fileRef = 3A857ADF28B140E500F343FE /* Assets.xcassets */; };
		3A857AE328B140E500F343FE /* Preview Assets.xcassets in Resources */ = {isa = PBXBuildFile; fileRef = 3A857AE228B140E500F343FE /* Preview Assets.xcassets */; };
		3A857AF128B2B1FF00F343FE /* WelcomeView.swift in Sources */ = {isa = PBXBuildFile; fileRef = 3A857AF028B2B1FF00F343FE /* WelcomeView.swift */; };
		3A857AF328B2B26D00F343FE /* WeatherView.swift in Sources */ = {isa = PBXBuildFile; fileRef = 3A857AF228B2B26D00F343FE /* WeatherView.swift */; };
		3A857AF528B2B32300F343FE /* Weather.swift in Sources */ = {isa = PBXBuildFile; fileRef = 3A857AF428B2B32300F343FE /* Weather.swift */; };
		3A857AF928B2B5E500F343FE /* LocationManager.swift in Sources */ = {isa = PBXBuildFile; fileRef = 3A857AF828B2B5E500F343FE /* LocationManager.swift */; };
		3A857AFB28B2B5F400F343FE /* WeatherService.swift in Sources */ = {isa = PBXBuildFile; fileRef = 3A857AFA28B2B5F400F343FE /* WeatherService.swift */; };
		3A857B0228B2C2BE00F343FE /* ContentViewModel.swift in Sources */ = {isa = PBXBuildFile; fileRef = 3A857B0128B2C2BE00F343FE /* ContentViewModel.swift */; };
		3A857B0428B2C87D00F343FE /* LoadingView.swift in Sources */ = {isa = PBXBuildFile; fileRef = 3A857B0328B2C87D00F343FE /* LoadingView.swift */; };
		3AC8C62428B4310A00E38843 /* Data+Pretty.swift in Sources */ = {isa = PBXBuildFile; fileRef = 3AC8C62328B4310A00E38843 /* Data+Pretty.swift */; };
/* End PBXBuildFile section */

/* Begin PBXFileReference section */
		3A857AD828B140E300F343FE /* Ayer Tena.app */ = {isa = PBXFileReference; explicitFileType = wrapper.application; includeInIndex = 0; path = "Ayer Tena.app"; sourceTree = BUILT_PRODUCTS_DIR; };
		3A857ADB28B140E300F343FE /* Ayer_TenaApp.swift */ = {isa = PBXFileReference; lastKnownFileType = sourcecode.swift; path = Ayer_TenaApp.swift; sourceTree = "<group>"; };
		3A857ADD28B140E300F343FE /* ContentView.swift */ = {isa = PBXFileReference; lastKnownFileType = sourcecode.swift; path = ContentView.swift; sourceTree = "<group>"; };
		3A857ADF28B140E500F343FE /* Assets.xcassets */ = {isa = PBXFileReference; lastKnownFileType = folder.assetcatalog; path = Assets.xcassets; sourceTree = "<group>"; };
		3A857AE228B140E500F343FE /* Preview Assets.xcassets */ = {isa = PBXFileReference; lastKnownFileType = folder.assetcatalog; path = "Preview Assets.xcassets"; sourceTree = "<group>"; };
		3A857AF028B2B1FF00F343FE /* WelcomeView.swift */ = {isa = PBXFileReference; lastKnownFileType = sourcecode.swift; path = WelcomeView.swift; sourceTree = "<group>"; };
		3A857AF228B2B26D00F343FE /* WeatherView.swift */ = {isa = PBXFileReference; lastKnownFileType = sourcecode.swift; path = WeatherView.swift; sourceTree = "<group>"; };
		3A857AF428B2B32300F343FE /* Weather.swift */ = {isa = PBXFileReference; lastKnownFileType = sourcecode.swift; path = Weather.swift; sourceTree = "<group>"; };
		3A857AF828B2B5E500F343FE /* LocationManager.swift */ = {isa = PBXFileReference; lastKnownFileType = sourcecode.swift; path = LocationManager.swift; sourceTree = "<group>"; };
		3A857AFA28B2B5F400F343FE /* WeatherService.swift */ = {isa = PBXFileReference; lastKnownFileType = sourcecode.swift; path = WeatherService.swift; sourceTree = "<group>"; };
		3A857B0128B2C2BE00F343FE /* ContentViewModel.swift */ = {isa = PBXFileReference; lastKnownFileType = sourcecode.swift; path = ContentViewModel.swift; sourceTree = "<group>"; };
		3A857B0328B2C87D00F343FE /* LoadingView.swift */ = {isa = PBXFileReference; lastKnownFileType = sourcecode.swift; path = LoadingView.swift; sourceTree = "<group>"; };
		3AC8C62328B4310A00E38843 /* Data+Pretty.swift */ = {isa = PBXFileReference; fileEncoding = 4; lastKnownFileType = sourcecode.swift; path = "Data+Pretty.swift"; sourceTree = "<group>"; };
/* End PBXFileReference section */

/* Begin PBXFrameworksBuildPhase section */
		3A857AD528B140E300F343FE /* Frameworks */ = {
			isa = PBXFrameworksBuildPhase;
			buildActionMask = 2147483647;
			files = (
			);
			runOnlyForDeploymentPostprocessing = 0;
		};
/* End PBXFrameworksBuildPhase section */

/* Begin PBXGroup section */
		3A857ACF28B140E300F343FE = {
			isa = PBXGroup;
			children = (
				3A857ADA28B140E300F343FE /* Ayer Tena */,
				3A857AD928B140E300F343FE /* Products */,
			);
			sourceTree = "<group>";
		};
		3A857AD928B140E300F343FE /* Products */ = {
			isa = PBXGroup;
			children = (
				3A857AD828B140E300F343FE /* Ayer Tena.app */,
			);
			name = Products;
			sourceTree = "<group>";
		};
		3A857ADA28B140E300F343FE /* Ayer Tena */ = {
			isa = PBXGroup;
			children = (
				3A857ADB28B140E300F343FE /* Ayer_TenaApp.swift */,
				3A857AF628B2B33200F343FE /* Model */,
				3A857AF728B2B33F00F343FE /* View */,
				3A857AFE28B2B64000F343FE /* ViewModel */,
				3A857AFD28B2B62900F343FE /* Location */,
				3A857AFC28B2B61700F343FE /* Service */,
				3AC8C62528B4312B00E38843 /* Extensions */,
				3A857ADF28B140E500F343FE /* Assets.xcassets */,
				3A857AE128B140E500F343FE /* Preview Content */,
			);
			path = "Ayer Tena";
			sourceTree = "<group>";
		};
		3A857AE128B140E500F343FE /* Preview Content */ = {
			isa = PBXGroup;
			children = (
				3A857AE228B140E500F343FE /* Preview Assets.xcassets */,
			);
			path = "Preview Content";
			sourceTree = "<group>";
		};
		3A857AF628B2B33200F343FE /* Model */ = {
			isa = PBXGroup;
			children = (
				3A857AF428B2B32300F343FE /* Weather.swift */,
			);
			path = Model;
			sourceTree = "<group>";
		};
		3A857AF728B2B33F00F343FE /* View */ = {
			isa = PBXGroup;
			children = (
				3A857ADD28B140E300F343FE /* ContentView.swift */,
				3A857AF028B2B1FF00F343FE /* WelcomeView.swift */,
				3A857AF228B2B26D00F343FE /* WeatherView.swift */,
				3A857B0328B2C87D00F343FE /* LoadingView.swift */,
			);
			path = View;
			sourceTree = "<group>";
		};
		3A857AFC28B2B61700F343FE /* Service */ = {
			isa = PBXGroup;
			children = (
				3A857AFA28B2B5F400F343FE /* WeatherService.swift */,
			);
			path = Service;
			sourceTree = "<group>";
		};
		3A857AFD28B2B62900F343FE /* Location */ = {
			isa = PBXGroup;
			children = (
				3A857AF828B2B5E500F343FE /* LocationManager.swift */,
			);
			path = Location;
			sourceTree = "<group>";
		};
		3A857AFE28B2B64000F343FE /* ViewModel */ = {
			isa = PBXGroup;
			children = (
				3A857B0128B2C2BE00F343FE /* ContentViewModel.swift */,
			);
			path = ViewModel;
			sourceTree = "<group>";
		};
		3AC8C62528B4312B00E38843 /* Extensions */ = {
			isa = PBXGroup;
			children = (
				3AC8C62328B4310A00E38843 /* Data+Pretty.swift */,
			);
			path = Extensions;
			sourceTree = "<group>";
		};
/* End PBXGroup section */

/* Begin PBXNativeTarget section */
		3A857AD728B140E300F343FE /* Ayer Tena */ = {
			isa = PBXNativeTarget;
			buildConfigurationList = 3A857AE628B140E500F343FE /* Build configuration list for PBXNativeTarget "Ayer Tena" */;
			buildPhases = (
				3A857AD428B140E300F343FE /* Sources */,
				3A857AD528B140E300F343FE /* Frameworks */,
				3A857AD628B140E300F343FE /* Resources */,
			);
			buildRules = (
			);
			dependencies = (
			);
			name = "Ayer Tena";
			productName = "Ayer Tena";
			productReference = 3A857AD828B140E300F343FE /* Ayer Tena.app */;
			productType = "com.apple.product-type.application";
		};
/* End PBXNativeTarget section */

/* Begin PBXProject section */
		3A857AD028B140E300F343FE /* Project object */ = {
			isa = PBXProject;
			attributes = {
				BuildIndependentTargetsInParallel = 1;
				LastSwiftUpdateCheck = 1320;
				LastUpgradeCheck = 1320;
				TargetAttributes = {
					3A857AD728B140E300F343FE = {
						CreatedOnToolsVersion = 13.2.1;
					};
				};
			};
			buildConfigurationList = 3A857AD328B140E300F343FE /* Build configuration list for PBXProject "Ayer Tena" */;
			compatibilityVersion = "Xcode 13.0";
			developmentRegion = en;
			hasScannedForEncodings = 0;
			knownRegions = (
				en,
				Base,
			);
			mainGroup = 3A857ACF28B140E300F343FE;
			productRefGroup = 3A857AD928B140E300F343FE /* Products */;
			projectDirPath = "";
			projectRoot = "";
			targets = (
				3A857AD728B140E300F343FE /* Ayer Tena */,
			);
		};
/* End PBXProject section */

/* Begin PBXResourcesBuildPhase section */
		3A857AD628B140E300F343FE /* Resources */ = {
			isa = PBXResourcesBuildPhase;
			buildActionMask = 2147483647;
			files = (
				3A857AE328B140E500F343FE /* Preview Assets.xcassets in Resources */,
				3A857AE028B140E500F343FE /* Assets.xcassets in Resources */,
			);
			runOnlyForDeploymentPostprocessing = 0;
		};
/* End PBXResourcesBuildPhase section */

/* Begin PBXSourcesBuildPhase section */
		3A857AD428B140E300F343FE /* Sources */ = {
			isa = PBXSourcesBuildPhase;
			buildActionMask = 2147483647;
			files = (
				3A857B0228B2C2BE00F343FE /* ContentViewModel.swift in Sources */,
				3AC8C62428B4310A00E38843 /* Data+Pretty.swift in Sources */,
				3A857ADE28B140E300F343FE /* ContentView.swift in Sources */,
				3A857AF128B2B1FF00F343FE /* WelcomeView.swift in Sources */,
				3A857AF928B2B5E500F343FE /* LocationManager.swift in Sources */,
				3A857ADC28B140E300F343FE /* Ayer_TenaApp.swift in Sources */,
				3A857AF328B2B26D00F343FE /* WeatherView.swift in Sources */,
				3A857AF528B2B32300F343FE /* Weather.swift in Sources */,
				3A857AFB28B2B5F400F343FE /* WeatherService.swift in Sources */,
				3A857B0428B2C87D00F343FE /* LoadingView.swift in Sources */,
			);
			runOnlyForDeploymentPostprocessing = 0;
		};
/* End PBXSourcesBuildPhase section */

/* Begin XCBuildConfiguration section */
		3A857AE428B140E500F343FE /* Debug */ = {
			isa = XCBuildConfiguration;
			buildSettings = {
				ALWAYS_SEARCH_USER_PATHS = NO;
				CLANG_ANALYZER_NONNULL = YES;
				CLANG_ANALYZER_NUMBER_OBJECT_CONVERSION = YES_AGGRESSIVE;
				CLANG_CXX_LANGUAGE_STANDARD = "gnu++17";
				CLANG_CXX_LIBRARY = "libc++";
				CLANG_ENABLE_MODULES = YES;
				CLANG_ENABLE_OBJC_ARC = YES;
				CLANG_ENABLE_OBJC_WEAK = YES;
				CLANG_WARN_BLOCK_CAPTURE_AUTORELEASING = YES;
				CLANG_WARN_BOOL_CONVERSION = YES;
				CLANG_WARN_COMMA = YES;
				CLANG_WARN_CONSTANT_CONVERSION = YES;
				CLANG_WARN_DEPRECATED_OBJC_IMPLEMENTATIONS = YES;
				CLANG_WARN_DIRECT_OBJC_ISA_USAGE = YES_ERROR;
				CLANG_WARN_DOCUMENTATION_COMMENTS = YES;
				CLANG_WARN_EMPTY_BODY = YES;
				CLANG_WARN_ENUM_CONVERSION = YES;
				CLANG_WARN_INFINITE_RECURSION = YES;
				CLANG_WARN_INT_CONVERSION = YES;
				CLANG_WARN_NON_LITERAL_NULL_CONVERSION = YES;
				CLANG_WARN_OBJC_IMPLICIT_RETAIN_SELF = YES;
				CLANG_WARN_OBJC_LITERAL_CONVERSION = YES;
				CLANG_WARN_OBJC_ROOT_CLASS = YES_ERROR;
				CLANG_WARN_QUOTED_INCLUDE_IN_FRAMEWORK_HEADER = YES;
				CLANG_WARN_RANGE_LOOP_ANALYSIS = YES;
				CLANG_WARN_STRICT_PROTOTYPES = YES;
				CLANG_WARN_SUSPICIOUS_MOVE = YES;
				CLANG_WARN_UNGUARDED_AVAILABILITY = YES_AGGRESSIVE;
				CLANG_WARN_UNREACHABLE_CODE = YES;
				CLANG_WARN__DUPLICATE_METHOD_MATCH = YES;
				COPY_PHASE_STRIP = NO;
				DEBUG_INFORMATION_FORMAT = dwarf;
				ENABLE_STRICT_OBJC_MSGSEND = YES;
				ENABLE_TESTABILITY = YES;
				GCC_C_LANGUAGE_STANDARD = gnu11;
				GCC_DYNAMIC_NO_PIC = NO;
				GCC_NO_COMMON_BLOCKS = YES;
				GCC_OPTIMIZATION_LEVEL = 0;
				GCC_PREPROCESSOR_DEFINITIONS = (
					"DEBUG=1",
					"$(inherited)",
				);
				GCC_WARN_64_TO_32_BIT_CONVERSION = YES;
				GCC_WARN_ABOUT_RETURN_TYPE = YES_ERROR;
				GCC_WARN_UNDECLARED_SELECTOR = YES;
				GCC_WARN_UNINITIALIZED_AUTOS = YES_AGGRESSIVE;
				GCC_WARN_UNUSED_FUNCTION = YES;
				GCC_WARN_UNUSED_VARIABLE = YES;
				IPHONEOS_DEPLOYMENT_TARGET = 15.2;
				MTL_ENABLE_DEBUG_INFO = INCLUDE_SOURCE;
				MTL_FAST_MATH = YES;
				ONLY_ACTIVE_ARCH = YES;
				SDKROOT = iphoneos;
				SWIFT_ACTIVE_COMPILATION_CONDITIONS = DEBUG;
				SWIFT_OPTIMIZATION_LEVEL = "-Onone";
			};
			name = Debug;
		};
		3A857AE528B140E500F343FE /* Release */ = {
			isa = XCBuildConfiguration;
			buildSettings = {
				ALWAYS_SEARCH_USER_PATHS = NO;
				CLANG_ANALYZER_NONNULL = YES;
				CLANG_ANALYZER_NUMBER_OBJECT_CONVERSION = YES_AGGRESSIVE;
				CLANG_CXX_LANGUAGE_STANDARD = "gnu++17";
				CLANG_CXX_LIBRARY = "libc++";
				CLANG_ENABLE_MODULES = YES;
				CLANG_ENABLE_OBJC_ARC = YES;
				CLANG_ENABLE_OBJC_WEAK = YES;
				CLANG_WARN_BLOCK_CAPTURE_AUTORELEASING = YES;
				CLANG_WARN_BOOL_CONVERSION = YES;
				CLANG_WARN_COMMA = YES;
				CLANG_WARN_CONSTANT_CONVERSION = YES;
				CLANG_WARN_DEPRECATED_OBJC_IMPLEMENTATIONS = YES;
				CLANG_WARN_DIRECT_OBJC_ISA_USAGE = YES_ERROR;
				CLANG_WARN_DOCUMENTATION_COMMENTS = YES;
				CLANG_WARN_EMPTY_BODY = YES;
				CLANG_WARN_ENUM_CONVERSION = YES;
				CLANG_WARN_INFINITE_RECURSION = YES;
				CLANG_WARN_INT_CONVERSION = YES;
				CLANG_WARN_NON_LITERAL_NULL_CONVERSION = YES;
				CLANG_WARN_OBJC_IMPLICIT_RETAIN_SELF = YES;
				CLANG_WARN_OBJC_LITERAL_CONVERSION = YES;
				CLANG_WARN_OBJC_ROOT_CLASS = YES_ERROR;
				CLANG_WARN_QUOTED_INCLUDE_IN_FRAMEWORK_HEADER = YES;
				CLANG_WARN_RANGE_LOOP_ANALYSIS = YES;
				CLANG_WARN_STRICT_PROTOTYPES = YES;
				CLANG_WARN_SUSPICIOUS_MOVE = YES;
				CLANG_WARN_UNGUARDED_AVAILABILITY = YES_AGGRESSIVE;
				CLANG_WARN_UNREACHABLE_CODE = YES;
				CLANG_WARN__DUPLICATE_METHOD_MATCH = YES;
				COPY_PHASE_STRIP = NO;
				DEBUG_INFORMATION_FORMAT = "dwarf-with-dsym";
				ENABLE_NS_ASSERTIONS = NO;
				ENABLE_STRICT_OBJC_MSGSEND = YES;
				GCC_C_LANGUAGE_STANDARD = gnu11;
				GCC_NO_COMMON_BLOCKS = YES;
				GCC_WARN_64_TO_32_BIT_CONVERSION = YES;
				GCC_WARN_ABOUT_RETURN_TYPE = YES_ERROR;
				GCC_WARN_UNDECLARED_SELECTOR = YES;
				GCC_WARN_UNINITIALIZED_AUTOS = YES_AGGRESSIVE;
				GCC_WARN_UNUSED_FUNCTION = YES;
				GCC_WARN_UNUSED_VARIABLE = YES;
				IPHONEOS_DEPLOYMENT_TARGET = 15.2;
				MTL_ENABLE_DEBUG_INFO = NO;
				MTL_FAST_MATH = YES;
				SDKROOT = iphoneos;
				SWIFT_COMPILATION_MODE = wholemodule;
				SWIFT_OPTIMIZATION_LEVEL = "-O";
				VALIDATE_PRODUCT = YES;
			};
			name = Release;
		};
		3A857AE728B140E500F343FE /* Debug */ = {
			isa = XCBuildConfiguration;
			buildSettings = {
				ASSETCATALOG_COMPILER_APPICON_NAME = AppIcon;
				ASSETCATALOG_COMPILER_GLOBAL_ACCENT_COLOR_NAME = AccentColor;
				CODE_SIGN_STYLE = Automatic;
				CURRENT_PROJECT_VERSION = 1;
				DEVELOPMENT_ASSET_PATHS = "\"Ayer Tena/Preview Content\"";
				DEVELOPMENT_TEAM = E9EMJG84C3;
				ENABLE_PREVIEWS = YES;
				GENERATE_INFOPLIST_FILE = YES;
				INFOPLIST_KEY_NSLocationWhenInUseUsageDescription = "This app needs your location to show weather in your area.";
				INFOPLIST_KEY_UIApplicationSceneManifest_Generation = YES;
				INFOPLIST_KEY_UIApplicationSupportsIndirectInputEvents = YES;
				INFOPLIST_KEY_UILaunchScreen_Generation = YES;
				INFOPLIST_KEY_UISupportedInterfaceOrientations_iPad = "UIInterfaceOrientationPortrait UIInterfaceOrientationPortraitUpsideDown UIInterfaceOrientationLandscapeLeft UIInterfaceOrientationLandscapeRight";
				INFOPLIST_KEY_UISupportedInterfaceOrientations_iPhone = "UIInterfaceOrientationPortrait UIInterfaceOrientationLandscapeLeft UIInterfaceOrientationLandscapeRight";
				LD_RUNPATH_SEARCH_PATHS = (
					"$(inherited)",
					"@executable_path/Frameworks",
				);
				MARKETING_VERSION = 1.0;
				PRODUCT_BUNDLE_IDENTIFIER = "com.amanuelayele.Ayer-Tena";
				PRODUCT_NAME = "$(TARGET_NAME)";
				SWIFT_EMIT_LOC_STRINGS = YES;
				SWIFT_VERSION = 5.0;
				TARGETED_DEVICE_FAMILY = "1,2";
			};
			name = Debug;
		};
		3A857AE828B140E500F343FE /* Release */ = {
			isa = XCBuildConfiguration;
			buildSettings = {
				ASSETCATALOG_COMPILER_APPICON_NAME = AppIcon;
				ASSETCATALOG_COMPILER_GLOBAL_ACCENT_COLOR_NAME = AccentColor;
				CODE_SIGN_STYLE = Automatic;
				CURRENT_PROJECT_VERSION = 1;
				DEVELOPMENT_ASSET_PATHS = "\"Ayer Tena/Preview Content\"";
				DEVELOPMENT_TEAM = E9EMJG84C3;
				ENABLE_PREVIEWS = YES;
				GENERATE_INFOPLIST_FILE = YES;
				INFOPLIST_KEY_NSLocationWhenInUseUsageDescription = "This app needs your location to show weather in your area.";
				INFOPLIST_KEY_UIApplicationSceneManifest_Generation = YES;
				INFOPLIST_KEY_UIApplicationSupportsIndirectInputEvents = YES;
				INFOPLIST_KEY_UILaunchScreen_Generation = YES;
				INFOPLIST_KEY_UISupportedInterfaceOrientations_iPad = "UIInterfaceOrientationPortrait UIInterfaceOrientationPortraitUpsideDown UIInterfaceOrientationLandscapeLeft UIInterfaceOrientationLandscapeRight";
				INFOPLIST_KEY_UISupportedInterfaceOrientations_iPhone = "UIInterfaceOrientationPortrait UIInterfaceOrientationLandscapeLeft UIInterfaceOrientationLandscapeRight";
				LD_RUNPATH_SEARCH_PATHS = (
					"$(inherited)",
					"@executable_path/Frameworks",
				);
				MARKETING_VERSION = 1.0;
				PRODUCT_BUNDLE_IDENTIFIER = "com.amanuelayele.Ayer-Tena";
				PRODUCT_NAME = "$(TARGET_NAME)";
				SWIFT_EMIT_LOC_STRINGS = YES;
				SWIFT_VERSION = 5.0;
				TARGETED_DEVICE_FAMILY = "1,2";
			};
			name = Release;
		};
/* End XCBuildConfiguration section */

/* Begin XCConfigurationList section */
		3A857AD328B140E300F343FE /* Build configuration list for PBXProject "Ayer Tena" */ = {
			isa = XCConfigurationList;
			buildConfigurations = (
				3A857AE428B140E500F343FE /* Debug */,
				3A857AE528B140E500F343FE /* Release */,
			);
			defaultConfigurationIsVisible = 0;
			defaultConfigurationName = Release;
		};
		3A857AE628B140E500F343FE /* Build configuration list for PBXNativeTarget "Ayer Tena" */ = {
			isa = XCConfigurationList;
			buildConfigurations = (
				3A857AE728B140E500F343FE /* Debug */,
				3A857AE828B140E500F343FE /* Release */,
			);
			defaultConfigurationIsVisible = 0;
			defaultConfigurationName = Release;
		};
/* End XCConfigurationList section */
	};
	rootObject = 3A857AD028B140E300F343FE /* Project object */;
}
